
Microsoft Visual Studio Solution File, Format Version 12.00
# Visual Studio 2012
Project("{F2A71F9B-5D33-465A-A702-920D77279786}") = "SMSGastos", "SMSGastos.fsproj", "{946794F4-50BA-48D3-A3CE-D68366FE1DD5}"
EndProject
Project("{FAE04EC0-301F-11D3-BF4B-00C04F79EFBC}") = "MerrequinhaAPI", "..\MerrequinhaAPI\MerrequinhaAPI.csproj", "{C4B63D5C-E696-4BC8-BA33-1EBF8338A6C7}"
EndProject
Global
	GlobalSection(SolutionConfigurationPlatforms) = preSolution
		Debug|Any CPU = Debug|Any CPU
		Release|Any CPU = Release|Any CPU
	EndGlobalSection
	GlobalSection(ProjectConfigurationPlatforms) = postSolution
		{946794F4-50BA-48D3-A3CE-D68366FE1DD5}.Debug|Any CPU.ActiveCfg = Debug|Any CPU
		{946794F4-50BA-48D3-A3CE-D68366FE1DD5}.Debug|Any CPU.Build.0 = Debug|Any CPU
		{946794F4-50BA-48D3-A3CE-D68366FE1DD5}.Release|Any CPU.ActiveCfg = Release|Any CPU
		{946794F4-50BA-48D3-A3CE-D68366FE1DD5}.Release|Any CPU.Build.0 = Release|Any CPU
		{C4B63D5C-E696-4BC8-BA33-1EBF8338A6C7}.Debug|Any CPU.ActiveCfg = Debug|Any CPU
		{C4B63D5C-E696-4BC8-BA33-1EBF8338A6C7}.Debug|Any CPU.Build.0 = Debug|Any CPU
		{C4B63D5C-E696-4BC8-BA33-1EBF8338A6C7}.Release|Any CPU.ActiveCfg = Release|Any CPU
		{C4B63D5C-E696-4BC8-BA33-1EBF8338A6C7}.Release|Any CPU.Build.0 = Release|Any CPU
	EndGlobalSection
	GlobalSection(SolutionProperties) = preSolution
		HideSolutionNode = FALSE
	EndGlobalSection
EndGlobal
